
Microsoft Visual Studio Solution File, Format Version 12.00
# Visual Studio Version 17
VisualStudioVersion = 17.14.36408.4
MinimumVisualStudioVersion = 10.0.40219.1
Project("{2150E333-8FDC-42A3-9474-1A3956D46DE8}") = "src", "src", "{02EA681E-C7D8-13C7-8484-4AC65E1B71E8}"
EndProject
Project("{2150E333-8FDC-42A3-9474-1A3956D46DE8}") = "Services", "Services", "{5E96AD4F-B902-4AE1-8938-891C9D1202D3}"
EndProject
Project("{2150E333-8FDC-42A3-9474-1A3956D46DE8}") = "CountryService", "CountryService", "{9F23E8A2-A71F-47DB-BCF8-BA910DFA0F56}"
EndProject
Project("{FAE04EC0-301F-11D3-BF4B-00C04F79EFBC}") = "Country.Domain", "Services\CountryService\Country.Domain\Country.Domain.csproj", "{C7188D03-9EC4-4F04-BC1B-BC057C1E331B}"
EndProject
Project("{FAE04EC0-301F-11D3-BF4B-00C04F79EFBC}") = "Country.Infrastructure", "Services\CountryService\Country.Infrastructure\Country.Infrastructure.csproj", "{8A290AC9-FB70-4080-A739-7CE7A74E8643}"
EndProject
Project("{2150E333-8FDC-42A3-9474-1A3956D46DE8}") = "BuildingBlocks", "BuildingBlocks", "{128CE2AF-C94F-42D2-8BF7-406288233868}"
EndProject
Project("{FAE04EC0-301F-11D3-BF4B-00C04F79EFBC}") = "BuildingBlocks", "BuildingBlocks\BuildingBlocks\BuildingBlocks.csproj", "{8008DBFA-3073-42F6-A7DD-B0B85C5823CA}"
EndProject
Project("{FAE04EC0-301F-11D3-BF4B-00C04F79EFBC}") = "BuildingBlocks.Messaging", "BuildingBlocks\BuildingBlocks.Messaging\BuildingBlocks.Messaging.csproj", "{07B90C37-9A53-4ABB-B962-9A02CAD51090}"
EndProject
Project("{FAE04EC0-301F-11D3-BF4B-00C04F79EFBC}") = "Country.API", "Services\CountryService\Country.API\Country.API.csproj", "{6AF2AFDD-E25D-709F-585C-6C208A5C2E8C}"
EndProject
Project("{FAE04EC0-301F-11D3-BF4B-00C04F79EFBC}") = "Country.Application", "Services\CountryService\Country.Application\Country.Application.csproj", "{6BD5D23A-E048-E824-C24C-1B4521F6425C}"
EndProject
Project("{2150E333-8FDC-42A3-9474-1A3956D46DE8}") = "IPService", "IPService", "{5024C8D6-4DFE-435E-A6D6-8D63DBBA1A51}"
EndProject
Project("{FAE04EC0-301F-11D3-BF4B-00C04F79EFBC}") = "IP.API", "Services\IPService\IP.API\IP.API.csproj", "{ED9A8576-1071-4AB7-1CBE-C68D68545EB2}"
EndProject
Project("{2150E333-8FDC-42A3-9474-1A3956D46DE8}") = "LogService", "LogService", "{7005DD55-A10D-4CB5-9350-4799A37342B1}"
EndProject
Project("{FAE04EC0-301F-11D3-BF4B-00C04F79EFBC}") = "Log.API", "Services\LogService\Log.API\Log.API.csproj", "{71E5E788-FD84-3C5C-7E97-051547E6172D}"
EndProject
Project("{FAE04EC0-301F-11D3-BF4B-00C04F79EFBC}") = "Gateway.API", "Services\Gateway\Gateway.API\Gateway.API.csproj", "{AC21AA87-2D03-F8CD-6AE4-731C3140A46E}"
EndProject
Global
	GlobalSection(SolutionConfigurationPlatforms) = preSolution
		Debug|Any CPU = Debug|Any CPU
		Release|Any CPU = Release|Any CPU
	EndGlobalSection
	GlobalSection(ProjectConfigurationPlatforms) = postSolution
		{C7188D03-9EC4-4F04-BC1B-BC057C1E331B}.Debug|Any CPU.ActiveCfg = Debug|Any CPU
		{C7188D03-9EC4-4F04-BC1B-BC057C1E331B}.Debug|Any CPU.Build.0 = Debug|Any CPU
		{C7188D03-9EC4-4F04-BC1B-BC057C1E331B}.Release|Any CPU.ActiveCfg = Release|Any CPU
		{C7188D03-9EC4-4F04-BC1B-BC057C1E331B}.Release|Any CPU.Build.0 = Release|Any CPU
		{8A290AC9-FB70-4080-A739-7CE7A74E8643}.Debug|Any CPU.ActiveCfg = Debug|Any CPU
		{8A290AC9-FB70-4080-A739-7CE7A74E8643}.Debug|Any CPU.Build.0 = Debug|Any CPU
		{8A290AC9-FB70-4080-A739-7CE7A74E8643}.Release|Any CPU.ActiveCfg = Release|Any CPU
		{8A290AC9-FB70-4080-A739-7CE7A74E8643}.Release|Any CPU.Build.0 = Release|Any CPU
		{8008DBFA-3073-42F6-A7DD-B0B85C5823CA}.Debug|Any CPU.ActiveCfg = Debug|Any CPU
		{8008DBFA-3073-42F6-A7DD-B0B85C5823CA}.Debug|Any CPU.Build.0 = Debug|Any CPU
		{8008DBFA-3073-42F6-A7DD-B0B85C5823CA}.Release|Any CPU.ActiveCfg = Release|Any CPU
		{8008DBFA-3073-42F6-A7DD-B0B85C5823CA}.Release|Any CPU.Build.0 = Release|Any CPU
		{07B90C37-9A53-4ABB-B962-9A02CAD51090}.Debug|Any CPU.ActiveCfg = Debug|Any CPU
		{07B90C37-9A53-4ABB-B962-9A02CAD51090}.Debug|Any CPU.Build.0 = Debug|Any CPU
		{07B90C37-9A53-4ABB-B962-9A02CAD51090}.Release|Any CPU.ActiveCfg = Release|Any CPU
		{07B90C37-9A53-4ABB-B962-9A02CAD51090}.Release|Any CPU.Build.0 = Release|Any CPU
		{6AF2AFDD-E25D-709F-585C-6C208A5C2E8C}.Debug|Any CPU.ActiveCfg = Debug|Any CPU
		{6AF2AFDD-E25D-709F-585C-6C208A5C2E8C}.Debug|Any CPU.Build.0 = Debug|Any CPU
		{6AF2AFDD-E25D-709F-585C-6C208A5C2E8C}.Release|Any CPU.ActiveCfg = Release|Any CPU
		{6AF2AFDD-E25D-709F-585C-6C208A5C2E8C}.Release|Any CPU.Build.0 = Release|Any CPU
		{6BD5D23A-E048-E824-C24C-1B4521F6425C}.Debug|Any CPU.ActiveCfg = Debug|Any CPU
		{6BD5D23A-E048-E824-C24C-1B4521F6425C}.Debug|Any CPU.Build.0 = Debug|Any CPU
		{6BD5D23A-E048-E824-C24C-1B4521F6425C}.Release|Any CPU.ActiveCfg = Release|Any CPU
		{6BD5D23A-E048-E824-C24C-1B4521F6425C}.Release|Any CPU.Build.0 = Release|Any CPU
		{ED9A8576-1071-4AB7-1CBE-C68D68545EB2}.Debug|Any CPU.ActiveCfg = Debug|Any CPU
		{ED9A8576-1071-4AB7-1CBE-C68D68545EB2}.Debug|Any CPU.Build.0 = Debug|Any CPU
		{ED9A8576-1071-4AB7-1CBE-C68D68545EB2}.Release|Any CPU.ActiveCfg = Release|Any CPU
		{ED9A8576-1071-4AB7-1CBE-C68D68545EB2}.Release|Any CPU.Build.0 = Release|Any CPU
		{71E5E788-FD84-3C5C-7E97-051547E6172D}.Debug|Any CPU.ActiveCfg = Debug|Any CPU
		{71E5E788-FD84-3C5C-7E97-051547E6172D}.Debug|Any CPU.Build.0 = Debug|Any CPU
		{71E5E788-FD84-3C5C-7E97-051547E6172D}.Release|Any CPU.ActiveCfg = Release|Any CPU
		{71E5E788-FD84-3C5C-7E97-051547E6172D}.Release|Any CPU.Build.0 = Release|Any CPU
		{AC21AA87-2D03-F8CD-6AE4-731C3140A46E}.Debug|Any CPU.ActiveCfg = Debug|Any CPU
		{AC21AA87-2D03-F8CD-6AE4-731C3140A46E}.Debug|Any CPU.Build.0 = Debug|Any CPU
		{AC21AA87-2D03-F8CD-6AE4-731C3140A46E}.Release|Any CPU.ActiveCfg = Release|Any CPU
		{AC21AA87-2D03-F8CD-6AE4-731C3140A46E}.Release|Any CPU.Build.0 = Release|Any CPU
	EndGlobalSection
	GlobalSection(SolutionProperties) = preSolution
		HideSolutionNode = FALSE
	EndGlobalSection
	GlobalSection(NestedProjects) = preSolution
		{5E96AD4F-B902-4AE1-8938-891C9D1202D3} = {02EA681E-C7D8-13C7-8484-4AC65E1B71E8}
		{9F23E8A2-A71F-47DB-BCF8-BA910DFA0F56} = {5E96AD4F-B902-4AE1-8938-891C9D1202D3}
		{C7188D03-9EC4-4F04-BC1B-BC057C1E331B} = {9F23E8A2-A71F-47DB-BCF8-BA910DFA0F56}
		{8A290AC9-FB70-4080-A739-7CE7A74E8643} = {9F23E8A2-A71F-47DB-BCF8-BA910DFA0F56}
		{128CE2AF-C94F-42D2-8BF7-406288233868} = {02EA681E-C7D8-13C7-8484-4AC65E1B71E8}
		{8008DBFA-3073-42F6-A7DD-B0B85C5823CA} = {128CE2AF-C94F-42D2-8BF7-406288233868}
		{07B90C37-9A53-4ABB-B962-9A02CAD51090} = {128CE2AF-C94F-42D2-8BF7-406288233868}
		{6AF2AFDD-E25D-709F-585C-6C208A5C2E8C} = {9F23E8A2-A71F-47DB-BCF8-BA910DFA0F56}
		{6BD5D23A-E048-E824-C24C-1B4521F6425C} = {9F23E8A2-A71F-47DB-BCF8-BA910DFA0F56}
		{5024C8D6-4DFE-435E-A6D6-8D63DBBA1A51} = {5E96AD4F-B902-4AE1-8938-891C9D1202D3}
		{ED9A8576-1071-4AB7-1CBE-C68D68545EB2} = {5024C8D6-4DFE-435E-A6D6-8D63DBBA1A51}
		{7005DD55-A10D-4CB5-9350-4799A37342B1} = {5E96AD4F-B902-4AE1-8938-891C9D1202D3}
		{71E5E788-FD84-3C5C-7E97-051547E6172D} = {7005DD55-A10D-4CB5-9350-4799A37342B1}
		{AC21AA87-2D03-F8CD-6AE4-731C3140A46E} = {5E96AD4F-B902-4AE1-8938-891C9D1202D3}
	EndGlobalSection
	GlobalSection(ExtensibilityGlobals) = postSolution
		SolutionGuid = {BD311C88-E8F7-47F7-88A4-5566576ADEEF}
	EndGlobalSection
EndGlobal
